
Microsoft Visual Studio Solution File, Format Version 12.00
# Visual Studio Version 17
VisualStudioVersion = 17.5.33516.290
MinimumVisualStudioVersion = 10.0.40219.1
Project("{9A19103F-16F7-4668-BE54-9A1E7A4F7556}") = "Microservicio.Reserva", "Microservicio.Reserva\Microservicio.Reserva.csproj", "{7F7DFC30-D214-4468-B28D-3F5DF66F0F3B}"
EndProject
Project("{FAE04EC0-301F-11D3-BF4B-00C04F79EFBC}") = "Application", "Application\Application.csproj", "{FCA235DE-96B0-4DDD-B106-835B5D27E613}"
EndProject
Project("{FAE04EC0-301F-11D3-BF4B-00C04F79EFBC}") = "Domain", "Domain\Domain.csproj", "{1130D560-368C-4AED-976C-0FB7174601FE}"
EndProject
Project("{FAE04EC0-301F-11D3-BF4B-00C04F79EFBC}") = "Infrastructure", "Infrastructure\Infrastructure.csproj", "{327F40D2-8151-4B47-95BE-FFD38E4F058E}"
EndProject
Global
	GlobalSection(SolutionConfigurationPlatforms) = preSolution
		Debug|Any CPU = Debug|Any CPU
		Release|Any CPU = Release|Any CPU
	EndGlobalSection
	GlobalSection(ProjectConfigurationPlatforms) = postSolution
		{7F7DFC30-D214-4468-B28D-3F5DF66F0F3B}.Debug|Any CPU.ActiveCfg = Debug|Any CPU
		{7F7DFC30-D214-4468-B28D-3F5DF66F0F3B}.Debug|Any CPU.Build.0 = Debug|Any CPU
		{7F7DFC30-D214-4468-B28D-3F5DF66F0F3B}.Release|Any CPU.ActiveCfg = Release|Any CPU
		{7F7DFC30-D214-4468-B28D-3F5DF66F0F3B}.Release|Any CPU.Build.0 = Release|Any CPU
		{FCA235DE-96B0-4DDD-B106-835B5D27E613}.Debug|Any CPU.ActiveCfg = Debug|Any CPU
		{FCA235DE-96B0-4DDD-B106-835B5D27E613}.Debug|Any CPU.Build.0 = Debug|Any CPU
		{FCA235DE-96B0-4DDD-B106-835B5D27E613}.Release|Any CPU.ActiveCfg = Release|Any CPU
		{FCA235DE-96B0-4DDD-B106-835B5D27E613}.Release|Any CPU.Build.0 = Release|Any CPU
		{1130D560-368C-4AED-976C-0FB7174601FE}.Debug|Any CPU.ActiveCfg = Debug|Any CPU
		{1130D560-368C-4AED-976C-0FB7174601FE}.Debug|Any CPU.Build.0 = Debug|Any CPU
		{1130D560-368C-4AED-976C-0FB7174601FE}.Release|Any CPU.ActiveCfg = Release|Any CPU
		{1130D560-368C-4AED-976C-0FB7174601FE}.Release|Any CPU.Build.0 = Release|Any CPU
		{327F40D2-8151-4B47-95BE-FFD38E4F058E}.Debug|Any CPU.ActiveCfg = Debug|Any CPU
		{327F40D2-8151-4B47-95BE-FFD38E4F058E}.Debug|Any CPU.Build.0 = Debug|Any CPU
		{327F40D2-8151-4B47-95BE-FFD38E4F058E}.Release|Any CPU.ActiveCfg = Release|Any CPU
		{327F40D2-8151-4B47-95BE-FFD38E4F058E}.Release|Any CPU.Build.0 = Release|Any CPU
	EndGlobalSection
	GlobalSection(SolutionProperties) = preSolution
		HideSolutionNode = FALSE
	EndGlobalSection
	GlobalSection(ExtensibilityGlobals) = postSolution
		SolutionGuid = {39ADB134-6C34-4B68-9C95-1B5E82B00F14}
	EndGlobalSection
EndGlobal
